
Microsoft Visual Studio Solution File, Format Version 12.00
# Visual Studio Version 17
VisualStudioVersion = 17.12.35527.113
MinimumVisualStudioVersion = 10.0.40219.1
Project("{2150E333-8FDC-42A3-9474-1A3956D46DE8}") = "Task0", "Task0", "{E1D8E87A-3A70-4B15-B3AF-013F788814C0}"
EndProject
Project("{2150E333-8FDC-42A3-9474-1A3956D46DE8}") = "Task1", "Task1", "{B6F2D2A8-9AEE-409A-992E-4A8E1AE139EB}"
EndProject
Project("{2150E333-8FDC-42A3-9474-1A3956D46DE8}") = "Task2", "Task2", "{E95FD6AE-5F2B-4C00-A401-CE084260170E}"
EndProject
Project("{2150E333-8FDC-42A3-9474-1A3956D46DE8}") = "Task3", "Task3", "{12D7A7EE-5C40-4C4C-91D5-533209D53D5E}"
EndProject
Project("{FAE04EC0-301F-11D3-BF4B-00C04F79EFBC}") = "Tyuiu.MaslennikovVA.Sprint5.Task0.V26", "Tyuiu.MaslennikovVA.Sprint5.Task0.V26\Tyuiu.MaslennikovVA.Sprint5.Task0.V26.csproj", "{40921649-6E10-4082-8588-107ADBBC613D}"
EndProject
Project("{FAE04EC0-301F-11D3-BF4B-00C04F79EFBC}") = "Tyuiu.MaslennikovVA.Sprint5.Task0.V26.Lib", "Tyuiu.MaslennikovVA.Sprint5.Task0.V26.Lib\Tyuiu.MaslennikovVA.Sprint5.Task0.V26.Lib.csproj", "{0830D0AF-BF29-41B4-B217-EB48FA1267BC}"
EndProject
Project("{FAE04EC0-301F-11D3-BF4B-00C04F79EFBC}") = "Tyuiu.MaslennikovVA.Sprint5.Task0.V26.Test", "Tyuiu.MaslennikovVA.Sprint5.Task0.V26.Test\Tyuiu.MaslennikovVA.Sprint5.Task0.V26.Test.csproj", "{D4E5FAF9-F7AB-4ECD-854B-F3FF8974A698}"
EndProject
Project("{FAE04EC0-301F-11D3-BF4B-00C04F79EFBC}") = "Tyuiu.MaslennikovVA.Sprint5.Task1.V20", "Tyuiu.MaslennikovVA.Sprint5.Task1.V20\Tyuiu.MaslennikovVA.Sprint5.Task1.V20.csproj", "{EB77F949-0D52-43B9-AEAC-A77434E74D4F}"
EndProject
Project("{FAE04EC0-301F-11D3-BF4B-00C04F79EFBC}") = "Tyuiu.MaslennikovVA.Sprint5.Task1.V20.Lib", "Tyuiu.MaslennikovVA.Sprint5.Task1.V20.Lib\Tyuiu.MaslennikovVA.Sprint5.Task1.V20.Lib.csproj", "{D248867C-179A-403D-AA22-0F39351DDEE2}"
EndProject
Project("{FAE04EC0-301F-11D3-BF4B-00C04F79EFBC}") = "Tyuiu.MaslennikovVA.Sprint5.Task1.V20.Test", "Tyuiu.MaslennikovVA.Sprint5.Task1.V20.Test\Tyuiu.MaslennikovVA.Sprint5.Task1.V20.Test.csproj", "{1F2DCF03-9223-4C2D-893F-CA46D2F65791}"
EndProject
Global
	GlobalSection(SolutionConfigurationPlatforms) = preSolution
		Debug|Any CPU = Debug|Any CPU
		Release|Any CPU = Release|Any CPU
	EndGlobalSection
	GlobalSection(ProjectConfigurationPlatforms) = postSolution
		{40921649-6E10-4082-8588-107ADBBC613D}.Debug|Any CPU.ActiveCfg = Debug|Any CPU
		{40921649-6E10-4082-8588-107ADBBC613D}.Debug|Any CPU.Build.0 = Debug|Any CPU
		{40921649-6E10-4082-8588-107ADBBC613D}.Release|Any CPU.ActiveCfg = Release|Any CPU
		{40921649-6E10-4082-8588-107ADBBC613D}.Release|Any CPU.Build.0 = Release|Any CPU
		{0830D0AF-BF29-41B4-B217-EB48FA1267BC}.Debug|Any CPU.ActiveCfg = Debug|Any CPU
		{0830D0AF-BF29-41B4-B217-EB48FA1267BC}.Debug|Any CPU.Build.0 = Debug|Any CPU
		{0830D0AF-BF29-41B4-B217-EB48FA1267BC}.Release|Any CPU.ActiveCfg = Release|Any CPU
		{0830D0AF-BF29-41B4-B217-EB48FA1267BC}.Release|Any CPU.Build.0 = Release|Any CPU
		{D4E5FAF9-F7AB-4ECD-854B-F3FF8974A698}.Debug|Any CPU.ActiveCfg = Debug|Any CPU
		{D4E5FAF9-F7AB-4ECD-854B-F3FF8974A698}.Debug|Any CPU.Build.0 = Debug|Any CPU
		{D4E5FAF9-F7AB-4ECD-854B-F3FF8974A698}.Release|Any CPU.ActiveCfg = Release|Any CPU
		{D4E5FAF9-F7AB-4ECD-854B-F3FF8974A698}.Release|Any CPU.Build.0 = Release|Any CPU
		{EB77F949-0D52-43B9-AEAC-A77434E74D4F}.Debug|Any CPU.ActiveCfg = Debug|Any CPU
		{EB77F949-0D52-43B9-AEAC-A77434E74D4F}.Debug|Any CPU.Build.0 = Debug|Any CPU
		{EB77F949-0D52-43B9-AEAC-A77434E74D4F}.Release|Any CPU.ActiveCfg = Release|Any CPU
		{EB77F949-0D52-43B9-AEAC-A77434E74D4F}.Release|Any CPU.Build.0 = Release|Any CPU
		{D248867C-179A-403D-AA22-0F39351DDEE2}.Debug|Any CPU.ActiveCfg = Debug|Any CPU
		{D248867C-179A-403D-AA22-0F39351DDEE2}.Debug|Any CPU.Build.0 = Debug|Any CPU
		{D248867C-179A-403D-AA22-0F39351DDEE2}.Release|Any CPU.ActiveCfg = Release|Any CPU
		{D248867C-179A-403D-AA22-0F39351DDEE2}.Release|Any CPU.Build.0 = Release|Any CPU
		{1F2DCF03-9223-4C2D-893F-CA46D2F65791}.Debug|Any CPU.ActiveCfg = Debug|Any CPU
		{1F2DCF03-9223-4C2D-893F-CA46D2F65791}.Debug|Any CPU.Build.0 = Debug|Any CPU
		{1F2DCF03-9223-4C2D-893F-CA46D2F65791}.Release|Any CPU.ActiveCfg = Release|Any CPU
		{1F2DCF03-9223-4C2D-893F-CA46D2F65791}.Release|Any CPU.Build.0 = Release|Any CPU
	EndGlobalSection
	GlobalSection(SolutionProperties) = preSolution
		HideSolutionNode = FALSE
	EndGlobalSection
	GlobalSection(NestedProjects) = preSolution
		{40921649-6E10-4082-8588-107ADBBC613D} = {E1D8E87A-3A70-4B15-B3AF-013F788814C0}
		{0830D0AF-BF29-41B4-B217-EB48FA1267BC} = {E1D8E87A-3A70-4B15-B3AF-013F788814C0}
		{D4E5FAF9-F7AB-4ECD-854B-F3FF8974A698} = {E1D8E87A-3A70-4B15-B3AF-013F788814C0}
		{EB77F949-0D52-43B9-AEAC-A77434E74D4F} = {B6F2D2A8-9AEE-409A-992E-4A8E1AE139EB}
		{D248867C-179A-403D-AA22-0F39351DDEE2} = {B6F2D2A8-9AEE-409A-992E-4A8E1AE139EB}
		{1F2DCF03-9223-4C2D-893F-CA46D2F65791} = {B6F2D2A8-9AEE-409A-992E-4A8E1AE139EB}
	EndGlobalSection
EndGlobal
