
Microsoft Visual Studio Solution File, Format Version 12.00
# Visual Studio Version 17
VisualStudioVersion = 17.12.35527.113
MinimumVisualStudioVersion = 10.0.40219.1
Project("{2150E333-8FDC-42A3-9474-1A3956D46DE8}") = "Task0", "Task0", "{E1D8E87A-3A70-4B15-B3AF-013F788814C0}"
EndProject
Project("{2150E333-8FDC-42A3-9474-1A3956D46DE8}") = "Task1", "Task1", "{B6F2D2A8-9AEE-409A-992E-4A8E1AE139EB}"
EndProject
Project("{2150E333-8FDC-42A3-9474-1A3956D46DE8}") = "Task2", "Task2", "{E95FD6AE-5F2B-4C00-A401-CE084260170E}"
EndProject
Project("{2150E333-8FDC-42A3-9474-1A3956D46DE8}") = "Task3", "Task3", "{12D7A7EE-5C40-4C4C-91D5-533209D53D5E}"
EndProject
Project("{FAE04EC0-301F-11D3-BF4B-00C04F79EFBC}") = "Tyuiu.MaslennikovVA.Sprint5.Task0.V26", "Tyuiu.MaslennikovVA.Sprint5.Task0.V26\Tyuiu.MaslennikovVA.Sprint5.Task0.V26.csproj", "{40921649-6E10-4082-8588-107ADBBC613D}"
EndProject
Project("{FAE04EC0-301F-11D3-BF4B-00C04F79EFBC}") = "Tyuiu.MaslennikovVA.Sprint5.Task0.V26.Lib", "Tyuiu.MaslennikovVA.Sprint5.Task0.V26.Lib\Tyuiu.MaslennikovVA.Sprint5.Task0.V26.Lib.csproj", "{0830D0AF-BF29-41B4-B217-EB48FA1267BC}"
EndProject
Project("{FAE04EC0-301F-11D3-BF4B-00C04F79EFBC}") = "Tyuiu.MaslennikovVA.Sprint5.Task0.V26.Test", "Tyuiu.MaslennikovVA.Sprint5.Task0.V26.Test\Tyuiu.MaslennikovVA.Sprint5.Task0.V26.Test.csproj", "{D4E5FAF9-F7AB-4ECD-854B-F3FF8974A698}"
EndProject
Project("{FAE04EC0-301F-11D3-BF4B-00C04F79EFBC}") = "Tyuiu.MaslennikovVA.Sprint5.Task1.V20", "Tyuiu.MaslennikovVA.Sprint5.Task1.V20\Tyuiu.MaslennikovVA.Sprint5.Task1.V20.csproj", "{EB77F949-0D52-43B9-AEAC-A77434E74D4F}"
EndProject
Project("{FAE04EC0-301F-11D3-BF4B-00C04F79EFBC}") = "Tyuiu.MaslennikovVA.Sprint5.Task1.V20.Lib", "Tyuiu.MaslennikovVA.Sprint5.Task1.V20.Lib\Tyuiu.MaslennikovVA.Sprint5.Task1.V20.Lib.csproj", "{D248867C-179A-403D-AA22-0F39351DDEE2}"
EndProject
Project("{FAE04EC0-301F-11D3-BF4B-00C04F79EFBC}") = "Tyuiu.MaslennikovVA.Sprint5.Task1.V20.Test", "Tyuiu.MaslennikovVA.Sprint5.Task1.V20.Test\Tyuiu.MaslennikovVA.Sprint5.Task1.V20.Test.csproj", "{1F2DCF03-9223-4C2D-893F-CA46D2F65791}"
EndProject
Project("{FAE04EC0-301F-11D3-BF4B-00C04F79EFBC}") = "Tyuiu.MaslennikovVA.Sprint5.Task2.V2", "Tyuiu.MaslennikovVA.Sprint5.Task2.V2\Tyuiu.MaslennikovVA.Sprint5.Task2.V2.csproj", "{80DBD5FC-06E6-49AD-BBF1-6C88F7602CB2}"
EndProject
Project("{FAE04EC0-301F-11D3-BF4B-00C04F79EFBC}") = "Tyuiu.MaslennikovVA.Sprint5.Task2.V2.Lib", "Tyuiu.MaslennikovVA.Sprint5.Task2.V2.Lib\Tyuiu.MaslennikovVA.Sprint5.Task2.V2.Lib.csproj", "{64D7479D-BECA-4799-B289-8984FAE98EB8}"
EndProject
Project("{FAE04EC0-301F-11D3-BF4B-00C04F79EFBC}") = "Tyuiu.MaslennikovVA.Sprint5.Task2.V2.Test", "Tyuiu.MaslennikovVA.Sprint5.Task2.V2.Test\Tyuiu.MaslennikovVA.Sprint5.Task2.V2.Test.csproj", "{F6D4E745-73CC-421E-BE21-C3B5C3F508EE}"
EndProject
Project("{FAE04EC0-301F-11D3-BF4B-00C04F79EFBC}") = "Tyuiu.MaslennikovVA.Sprint5.Task3.V14", "Tyuiu.MaslennikovVA.Sprint5.Task3.V14\Tyuiu.MaslennikovVA.Sprint5.Task3.V14.csproj", "{2ABCC80D-28A5-4C0B-BB70-879E236FC4A2}"
EndProject
Project("{FAE04EC0-301F-11D3-BF4B-00C04F79EFBC}") = "Tyuiu.MaslennikovVA.Sprint5.Task3.V14.Lib", "Tyuiu.MaslennikovVA.Sprint5.Task3.V14.Lib\Tyuiu.MaslennikovVA.Sprint5.Task3.V14.Lib.csproj", "{EE0D7EFD-395E-4395-88FC-E502B4F165D8}"
EndProject
Project("{FAE04EC0-301F-11D3-BF4B-00C04F79EFBC}") = "Tyuiu.MaslennikovVA.Sprint5.Task3.V14.Test", "Tyuiu.MaslennikovVA.Sprint5.Task3.V14.Test\Tyuiu.MaslennikovVA.Sprint5.Task3.V14.Test.csproj", "{D1AF3F56-A3AA-4738-8273-B518C1E2BCD9}"
EndProject
Project("{2150E333-8FDC-42A3-9474-1A3956D46DE8}") = "Task4", "Task4", "{98C37E3F-D74F-4290-8F7A-1FEECD5C0311}"
EndProject
Project("{FAE04EC0-301F-11D3-BF4B-00C04F79EFBC}") = "Tyuiu.MaslennikovVA.Sprint5.Task4.V26", "Tyuiu.MaslennikovVA.Sprint5.Task4.V26\Tyuiu.MaslennikovVA.Sprint5.Task4.V26.csproj", "{9C1E06BA-7270-40A3-88A0-77F145E2224A}"
EndProject
Project("{FAE04EC0-301F-11D3-BF4B-00C04F79EFBC}") = "Tyuiu.MaslennikovVA.Sprint5.Task4.V26.Lib", "Tyuiu.MaslennikovVA.Sprint5.Task4.V26.Lib\Tyuiu.MaslennikovVA.Sprint5.Task4.V26.Lib.csproj", "{0DE07706-4E9E-46B2-9F58-BDD773182873}"
EndProject
Project("{FAE04EC0-301F-11D3-BF4B-00C04F79EFBC}") = "Tyuiu.MaslennikovVA.Sprint5.Task4.V26.Test", "Tyuiu.MaslennikovVA.Sprint5.Task4.V26.Test\Tyuiu.MaslennikovVA.Sprint5.Task4.V26.Test.csproj", "{2EF4EB28-9F09-4060-ADEA-9AA060113061}"
EndProject
Project("{2150E333-8FDC-42A3-9474-1A3956D46DE8}") = "Task5", "Task5", "{5811C380-BC5E-4A67-9E7C-2B400DF46110}"
EndProject
Project("{FAE04EC0-301F-11D3-BF4B-00C04F79EFBC}") = "Tyuiu.MaslennikovVA.Sprint5.Task5.V29", "Tyuiu.MaslennikovVA.Sprint5.Task5.V29\Tyuiu.MaslennikovVA.Sprint5.Task5.V29.csproj", "{EDF1CC1B-60CE-4BEE-90B4-C4880D320F4D}"
EndProject
Project("{FAE04EC0-301F-11D3-BF4B-00C04F79EFBC}") = "Tyuiu.MaslennikovVA.Sprint5.Task5.V29.Lib", "Tyuiu.MaslennikovVA.Sprint5.Task5.V29.Lib\Tyuiu.MaslennikovVA.Sprint5.Task5.V29.Lib.csproj", "{245BC41E-81A2-474E-9249-F1CC14F24B49}"
EndProject
Project("{FAE04EC0-301F-11D3-BF4B-00C04F79EFBC}") = "Tyuiu.MaslennikovVA.Sprint5.Task5.V29.Test", "Tyuiu.MaslennikovVA.Sprint5.Task5.V29.Test\Tyuiu.MaslennikovVA.Sprint5.Task5.V29.Test.csproj", "{B349B82D-0BBA-4CBF-A388-1B68E335B3C3}"
EndProject
Global
	GlobalSection(SolutionConfigurationPlatforms) = preSolution
		Debug|Any CPU = Debug|Any CPU
		Release|Any CPU = Release|Any CPU
	EndGlobalSection
	GlobalSection(ProjectConfigurationPlatforms) = postSolution
		{40921649-6E10-4082-8588-107ADBBC613D}.Debug|Any CPU.ActiveCfg = Debug|Any CPU
		{40921649-6E10-4082-8588-107ADBBC613D}.Debug|Any CPU.Build.0 = Debug|Any CPU
		{40921649-6E10-4082-8588-107ADBBC613D}.Release|Any CPU.ActiveCfg = Release|Any CPU
		{40921649-6E10-4082-8588-107ADBBC613D}.Release|Any CPU.Build.0 = Release|Any CPU
		{0830D0AF-BF29-41B4-B217-EB48FA1267BC}.Debug|Any CPU.ActiveCfg = Debug|Any CPU
		{0830D0AF-BF29-41B4-B217-EB48FA1267BC}.Debug|Any CPU.Build.0 = Debug|Any CPU
		{0830D0AF-BF29-41B4-B217-EB48FA1267BC}.Release|Any CPU.ActiveCfg = Release|Any CPU
		{0830D0AF-BF29-41B4-B217-EB48FA1267BC}.Release|Any CPU.Build.0 = Release|Any CPU
		{D4E5FAF9-F7AB-4ECD-854B-F3FF8974A698}.Debug|Any CPU.ActiveCfg = Debug|Any CPU
		{D4E5FAF9-F7AB-4ECD-854B-F3FF8974A698}.Debug|Any CPU.Build.0 = Debug|Any CPU
		{D4E5FAF9-F7AB-4ECD-854B-F3FF8974A698}.Release|Any CPU.ActiveCfg = Release|Any CPU
		{D4E5FAF9-F7AB-4ECD-854B-F3FF8974A698}.Release|Any CPU.Build.0 = Release|Any CPU
		{EB77F949-0D52-43B9-AEAC-A77434E74D4F}.Debug|Any CPU.ActiveCfg = Debug|Any CPU
		{EB77F949-0D52-43B9-AEAC-A77434E74D4F}.Debug|Any CPU.Build.0 = Debug|Any CPU
		{EB77F949-0D52-43B9-AEAC-A77434E74D4F}.Release|Any CPU.ActiveCfg = Release|Any CPU
		{EB77F949-0D52-43B9-AEAC-A77434E74D4F}.Release|Any CPU.Build.0 = Release|Any CPU
		{D248867C-179A-403D-AA22-0F39351DDEE2}.Debug|Any CPU.ActiveCfg = Debug|Any CPU
		{D248867C-179A-403D-AA22-0F39351DDEE2}.Debug|Any CPU.Build.0 = Debug|Any CPU
		{D248867C-179A-403D-AA22-0F39351DDEE2}.Release|Any CPU.ActiveCfg = Release|Any CPU
		{D248867C-179A-403D-AA22-0F39351DDEE2}.Release|Any CPU.Build.0 = Release|Any CPU
		{1F2DCF03-9223-4C2D-893F-CA46D2F65791}.Debug|Any CPU.ActiveCfg = Debug|Any CPU
		{1F2DCF03-9223-4C2D-893F-CA46D2F65791}.Debug|Any CPU.Build.0 = Debug|Any CPU
		{1F2DCF03-9223-4C2D-893F-CA46D2F65791}.Release|Any CPU.ActiveCfg = Release|Any CPU
		{1F2DCF03-9223-4C2D-893F-CA46D2F65791}.Release|Any CPU.Build.0 = Release|Any CPU
		{80DBD5FC-06E6-49AD-BBF1-6C88F7602CB2}.Debug|Any CPU.ActiveCfg = Debug|Any CPU
		{80DBD5FC-06E6-49AD-BBF1-6C88F7602CB2}.Debug|Any CPU.Build.0 = Debug|Any CPU
		{80DBD5FC-06E6-49AD-BBF1-6C88F7602CB2}.Release|Any CPU.ActiveCfg = Release|Any CPU
		{80DBD5FC-06E6-49AD-BBF1-6C88F7602CB2}.Release|Any CPU.Build.0 = Release|Any CPU
		{64D7479D-BECA-4799-B289-8984FAE98EB8}.Debug|Any CPU.ActiveCfg = Debug|Any CPU
		{64D7479D-BECA-4799-B289-8984FAE98EB8}.Debug|Any CPU.Build.0 = Debug|Any CPU
		{64D7479D-BECA-4799-B289-8984FAE98EB8}.Release|Any CPU.ActiveCfg = Release|Any CPU
		{64D7479D-BECA-4799-B289-8984FAE98EB8}.Release|Any CPU.Build.0 = Release|Any CPU
		{F6D4E745-73CC-421E-BE21-C3B5C3F508EE}.Debug|Any CPU.ActiveCfg = Debug|Any CPU
		{F6D4E745-73CC-421E-BE21-C3B5C3F508EE}.Debug|Any CPU.Build.0 = Debug|Any CPU
		{F6D4E745-73CC-421E-BE21-C3B5C3F508EE}.Release|Any CPU.ActiveCfg = Release|Any CPU
		{F6D4E745-73CC-421E-BE21-C3B5C3F508EE}.Release|Any CPU.Build.0 = Release|Any CPU
		{2ABCC80D-28A5-4C0B-BB70-879E236FC4A2}.Debug|Any CPU.ActiveCfg = Debug|Any CPU
		{2ABCC80D-28A5-4C0B-BB70-879E236FC4A2}.Debug|Any CPU.Build.0 = Debug|Any CPU
		{2ABCC80D-28A5-4C0B-BB70-879E236FC4A2}.Release|Any CPU.ActiveCfg = Release|Any CPU
		{2ABCC80D-28A5-4C0B-BB70-879E236FC4A2}.Release|Any CPU.Build.0 = Release|Any CPU
		{EE0D7EFD-395E-4395-88FC-E502B4F165D8}.Debug|Any CPU.ActiveCfg = Debug|Any CPU
		{EE0D7EFD-395E-4395-88FC-E502B4F165D8}.Debug|Any CPU.Build.0 = Debug|Any CPU
		{EE0D7EFD-395E-4395-88FC-E502B4F165D8}.Release|Any CPU.ActiveCfg = Release|Any CPU
		{EE0D7EFD-395E-4395-88FC-E502B4F165D8}.Release|Any CPU.Build.0 = Release|Any CPU
		{D1AF3F56-A3AA-4738-8273-B518C1E2BCD9}.Debug|Any CPU.ActiveCfg = Debug|Any CPU
		{D1AF3F56-A3AA-4738-8273-B518C1E2BCD9}.Debug|Any CPU.Build.0 = Debug|Any CPU
		{D1AF3F56-A3AA-4738-8273-B518C1E2BCD9}.Release|Any CPU.ActiveCfg = Release|Any CPU
		{D1AF3F56-A3AA-4738-8273-B518C1E2BCD9}.Release|Any CPU.Build.0 = Release|Any CPU
		{9C1E06BA-7270-40A3-88A0-77F145E2224A}.Debug|Any CPU.ActiveCfg = Debug|Any CPU
		{9C1E06BA-7270-40A3-88A0-77F145E2224A}.Debug|Any CPU.Build.0 = Debug|Any CPU
		{9C1E06BA-7270-40A3-88A0-77F145E2224A}.Release|Any CPU.ActiveCfg = Release|Any CPU
		{9C1E06BA-7270-40A3-88A0-77F145E2224A}.Release|Any CPU.Build.0 = Release|Any CPU
		{0DE07706-4E9E-46B2-9F58-BDD773182873}.Debug|Any CPU.ActiveCfg = Debug|Any CPU
		{0DE07706-4E9E-46B2-9F58-BDD773182873}.Debug|Any CPU.Build.0 = Debug|Any CPU
		{0DE07706-4E9E-46B2-9F58-BDD773182873}.Release|Any CPU.ActiveCfg = Release|Any CPU
		{0DE07706-4E9E-46B2-9F58-BDD773182873}.Release|Any CPU.Build.0 = Release|Any CPU
		{2EF4EB28-9F09-4060-ADEA-9AA060113061}.Debug|Any CPU.ActiveCfg = Debug|Any CPU
		{2EF4EB28-9F09-4060-ADEA-9AA060113061}.Debug|Any CPU.Build.0 = Debug|Any CPU
		{2EF4EB28-9F09-4060-ADEA-9AA060113061}.Release|Any CPU.ActiveCfg = Release|Any CPU
		{2EF4EB28-9F09-4060-ADEA-9AA060113061}.Release|Any CPU.Build.0 = Release|Any CPU
		{EDF1CC1B-60CE-4BEE-90B4-C4880D320F4D}.Debug|Any CPU.ActiveCfg = Debug|Any CPU
		{EDF1CC1B-60CE-4BEE-90B4-C4880D320F4D}.Debug|Any CPU.Build.0 = Debug|Any CPU
		{EDF1CC1B-60CE-4BEE-90B4-C4880D320F4D}.Release|Any CPU.ActiveCfg = Release|Any CPU
		{EDF1CC1B-60CE-4BEE-90B4-C4880D320F4D}.Release|Any CPU.Build.0 = Release|Any CPU
		{245BC41E-81A2-474E-9249-F1CC14F24B49}.Debug|Any CPU.ActiveCfg = Debug|Any CPU
		{245BC41E-81A2-474E-9249-F1CC14F24B49}.Debug|Any CPU.Build.0 = Debug|Any CPU
		{245BC41E-81A2-474E-9249-F1CC14F24B49}.Release|Any CPU.ActiveCfg = Release|Any CPU
		{245BC41E-81A2-474E-9249-F1CC14F24B49}.Release|Any CPU.Build.0 = Release|Any CPU
		{B349B82D-0BBA-4CBF-A388-1B68E335B3C3}.Debug|Any CPU.ActiveCfg = Debug|Any CPU
		{B349B82D-0BBA-4CBF-A388-1B68E335B3C3}.Debug|Any CPU.Build.0 = Debug|Any CPU
		{B349B82D-0BBA-4CBF-A388-1B68E335B3C3}.Release|Any CPU.ActiveCfg = Release|Any CPU
		{B349B82D-0BBA-4CBF-A388-1B68E335B3C3}.Release|Any CPU.Build.0 = Release|Any CPU
	EndGlobalSection
	GlobalSection(SolutionProperties) = preSolution
		HideSolutionNode = FALSE
	EndGlobalSection
	GlobalSection(NestedProjects) = preSolution
		{40921649-6E10-4082-8588-107ADBBC613D} = {E1D8E87A-3A70-4B15-B3AF-013F788814C0}
		{0830D0AF-BF29-41B4-B217-EB48FA1267BC} = {E1D8E87A-3A70-4B15-B3AF-013F788814C0}
		{D4E5FAF9-F7AB-4ECD-854B-F3FF8974A698} = {E1D8E87A-3A70-4B15-B3AF-013F788814C0}
		{EB77F949-0D52-43B9-AEAC-A77434E74D4F} = {B6F2D2A8-9AEE-409A-992E-4A8E1AE139EB}
		{D248867C-179A-403D-AA22-0F39351DDEE2} = {B6F2D2A8-9AEE-409A-992E-4A8E1AE139EB}
		{1F2DCF03-9223-4C2D-893F-CA46D2F65791} = {B6F2D2A8-9AEE-409A-992E-4A8E1AE139EB}
		{80DBD5FC-06E6-49AD-BBF1-6C88F7602CB2} = {E95FD6AE-5F2B-4C00-A401-CE084260170E}
		{64D7479D-BECA-4799-B289-8984FAE98EB8} = {E95FD6AE-5F2B-4C00-A401-CE084260170E}
		{F6D4E745-73CC-421E-BE21-C3B5C3F508EE} = {E95FD6AE-5F2B-4C00-A401-CE084260170E}
		{2ABCC80D-28A5-4C0B-BB70-879E236FC4A2} = {12D7A7EE-5C40-4C4C-91D5-533209D53D5E}
		{EE0D7EFD-395E-4395-88FC-E502B4F165D8} = {12D7A7EE-5C40-4C4C-91D5-533209D53D5E}
		{D1AF3F56-A3AA-4738-8273-B518C1E2BCD9} = {12D7A7EE-5C40-4C4C-91D5-533209D53D5E}
		{9C1E06BA-7270-40A3-88A0-77F145E2224A} = {98C37E3F-D74F-4290-8F7A-1FEECD5C0311}
		{0DE07706-4E9E-46B2-9F58-BDD773182873} = {98C37E3F-D74F-4290-8F7A-1FEECD5C0311}
		{2EF4EB28-9F09-4060-ADEA-9AA060113061} = {98C37E3F-D74F-4290-8F7A-1FEECD5C0311}
		{EDF1CC1B-60CE-4BEE-90B4-C4880D320F4D} = {5811C380-BC5E-4A67-9E7C-2B400DF46110}
		{245BC41E-81A2-474E-9249-F1CC14F24B49} = {5811C380-BC5E-4A67-9E7C-2B400DF46110}
		{B349B82D-0BBA-4CBF-A388-1B68E335B3C3} = {5811C380-BC5E-4A67-9E7C-2B400DF46110}
	EndGlobalSection
EndGlobal
